
Microsoft Visual Studio Solution File, Format Version 11.00
# Visual C++ Express 2010
Project("{8BC9CEB8-8B4A-11D0-8D11-00A0C91BC942}") = "moflow_test_console", "moflow_test_console.vcxproj", "{5C0E7BB7-5BFE-4F72-8ACB-615F6B5D1A25}"
EndProject
Project("{8BC9CEB8-8B4A-11D0-8D11-00A0C91BC942}") = "moflow_test_dll", "..\moflow_test_dll\moflow_test_dll.vcxproj", "{9E87F1DD-217C-4674-989E-A7D211475EBF}"
EndProject
Global
	GlobalSection(SolutionConfigurationPlatforms) = preSolution
		Debug|Win32 = Debug|Win32
		Release|Win32 = Release|Win32
	EndGlobalSection
	GlobalSection(ProjectConfigurationPlatforms) = postSolution
		{5C0E7BB7-5BFE-4F72-8ACB-615F6B5D1A25}.Debug|Win32.ActiveCfg = Debug|Win32
		{5C0E7BB7-5BFE-4F72-8ACB-615F6B5D1A25}.Debug|Win32.Build.0 = Debug|Win32
		{5C0E7BB7-5BFE-4F72-8ACB-615F6B5D1A25}.Release|Win32.ActiveCfg = Release|Win32
		{5C0E7BB7-5BFE-4F72-8ACB-615F6B5D1A25}.Release|Win32.Build.0 = Release|Win32
		{9E87F1DD-217C-4674-989E-A7D211475EBF}.Debug|Win32.ActiveCfg = Debug|Win32
		{9E87F1DD-217C-4674-989E-A7D211475EBF}.Debug|Win32.Build.0 = Debug|Win32
		{9E87F1DD-217C-4674-989E-A7D211475EBF}.Release|Win32.ActiveCfg = Release|Win32
		{9E87F1DD-217C-4674-989E-A7D211475EBF}.Release|Win32.Build.0 = Release|Win32
	EndGlobalSection
	GlobalSection(SolutionProperties) = preSolution
		HideSolutionNode = FALSE
	EndGlobalSection
EndGlobal
